
Microsoft Visual Studio Solution File, Format Version 12.00
# Visual Studio 15
VisualStudioVersion = 15.0.28307.779
MinimumVisualStudioVersion = 10.0.40219.1
Project("{FAE04EC0-301F-11D3-BF4B-00C04F79EFBC}") = "SalaryCalculator", "SalaryCalculator\SalaryCalculator.csproj", "{02660EAD-E7BA-49E2-80CF-8E4DE64E769D}"
EndProject
Global
	GlobalSection(SolutionConfigurationPlatforms) = preSolution
		Debug|Any CPU = Debug|Any CPU
		Release|Any CPU = Release|Any CPU
	EndGlobalSection
	GlobalSection(ProjectConfigurationPlatforms) = postSolution
		{02660EAD-E7BA-49E2-80CF-8E4DE64E769D}.Debug|Any CPU.ActiveCfg = Debug|Any CPU
		{02660EAD-E7BA-49E2-80CF-8E4DE64E769D}.Debug|Any CPU.Build.0 = Debug|Any CPU
		{02660EAD-E7BA-49E2-80CF-8E4DE64E769D}.Release|Any CPU.ActiveCfg = Release|Any CPU
		{02660EAD-E7BA-49E2-80CF-8E4DE64E769D}.Release|Any CPU.Build.0 = Release|Any CPU
	EndGlobalSection
	GlobalSection(SolutionProperties) = preSolution
		HideSolutionNode = FALSE
	EndGlobalSection
	GlobalSection(ExtensibilityGlobals) = postSolution
		SolutionGuid = {608FA551-D5A3-482F-B54A-A4BBAE1F3827}
	EndGlobalSection
EndGlobal
